
Microsoft Visual Studio Solution File, Format Version 12.00
# Visual Studio 14
VisualStudioVersion = 14.0.23107.0
MinimumVisualStudioVersion = 10.0.40219.1
Project("{FAE04EC0-301F-11D3-BF4B-00C04F79EFBC}") = "TakinStock", "TakinStock\TakinStock.csproj", "{0AD30D6C-E0D0-41E9-B1A8-69E85C34A1CA}"
EndProject
Project("{FAE04EC0-301F-11D3-BF4B-00C04F79EFBC}") = "TakinStock.Tests", "TakinStock.Tests\TakinStock.Tests.csproj", "{ABBDA647-8524-49FF-9407-4BA2DDE00A21}"
EndProject
Global
	GlobalSection(SolutionConfigurationPlatforms) = preSolution
		Debug|Any CPU = Debug|Any CPU
		Release|Any CPU = Release|Any CPU
	EndGlobalSection
	GlobalSection(ProjectConfigurationPlatforms) = postSolution
		{0AD30D6C-E0D0-41E9-B1A8-69E85C34A1CA}.Debug|Any CPU.ActiveCfg = Debug|Any CPU
		{0AD30D6C-E0D0-41E9-B1A8-69E85C34A1CA}.Debug|Any CPU.Build.0 = Debug|Any CPU
		{0AD30D6C-E0D0-41E9-B1A8-69E85C34A1CA}.Release|Any CPU.ActiveCfg = Release|Any CPU
		{0AD30D6C-E0D0-41E9-B1A8-69E85C34A1CA}.Release|Any CPU.Build.0 = Release|Any CPU
		{ABBDA647-8524-49FF-9407-4BA2DDE00A21}.Debug|Any CPU.ActiveCfg = Debug|Any CPU
		{ABBDA647-8524-49FF-9407-4BA2DDE00A21}.Debug|Any CPU.Build.0 = Debug|Any CPU
		{ABBDA647-8524-49FF-9407-4BA2DDE00A21}.Release|Any CPU.ActiveCfg = Release|Any CPU
		{ABBDA647-8524-49FF-9407-4BA2DDE00A21}.Release|Any CPU.Build.0 = Release|Any CPU
	EndGlobalSection
	GlobalSection(SolutionProperties) = preSolution
		HideSolutionNode = FALSE
	EndGlobalSection
EndGlobal
